
Microsoft Visual Studio Solution File, Format Version 12.00
# Visual Studio 2013
VisualStudioVersion = 12.0.31101.0
MinimumVisualStudioVersion = 10.0.40219.1
Project("{FAE04EC0-301F-11D3-BF4B-00C04F79EFBC}") = "touch-delegate", "touch-delegate.csproj", "{D258118D-46E9-4C95-B463-C3A9C34ECDCF}"
EndProject
Project("{FAE04EC0-301F-11D3-BF4B-00C04F79EFBC}") = "touch-delegate-sample", "..\touch-delegate-sample\touch-delegate-sample.csproj", "{9196E06B-98F9-466C-9EAC-973CE0E8C137}"
EndProject
Global
	GlobalSection(SolutionConfigurationPlatforms) = preSolution
		Debug|Any CPU = Debug|Any CPU
		Release|Any CPU = Release|Any CPU
	EndGlobalSection
	GlobalSection(ProjectConfigurationPlatforms) = postSolution
		{D258118D-46E9-4C95-B463-C3A9C34ECDCF}.Debug|Any CPU.ActiveCfg = Debug|Any CPU
		{D258118D-46E9-4C95-B463-C3A9C34ECDCF}.Debug|Any CPU.Build.0 = Debug|Any CPU
		{D258118D-46E9-4C95-B463-C3A9C34ECDCF}.Release|Any CPU.ActiveCfg = Release|Any CPU
		{D258118D-46E9-4C95-B463-C3A9C34ECDCF}.Release|Any CPU.Build.0 = Release|Any CPU
		{9196E06B-98F9-466C-9EAC-973CE0E8C137}.Debug|Any CPU.ActiveCfg = Debug|Any CPU
		{9196E06B-98F9-466C-9EAC-973CE0E8C137}.Debug|Any CPU.Build.0 = Debug|Any CPU
		{9196E06B-98F9-466C-9EAC-973CE0E8C137}.Release|Any CPU.ActiveCfg = Release|Any CPU
		{9196E06B-98F9-466C-9EAC-973CE0E8C137}.Release|Any CPU.Build.0 = Release|Any CPU
	EndGlobalSection
	GlobalSection(SolutionProperties) = preSolution
		HideSolutionNode = FALSE
	EndGlobalSection
EndGlobal
